
Microsoft Visual Studio Solution File, Format Version 12.00
# Visual Studio 15
VisualStudioVersion = 15.0.28307.645
MinimumVisualStudioVersion = 10.0.40219.1
Project("{FAE04EC0-301F-11D3-BF4B-00C04F79EFBC}") = "MyShop.Core", "MyShop.Core\MyShop.Core.csproj", "{9C8402D1-A89F-4365-8A0D-C6FE05C3B99A}"
EndProject
Project("{FAE04EC0-301F-11D3-BF4B-00C04F79EFBC}") = "MyShop.Services", "MyShop.Services\MyShop.Services.csproj", "{88705B8D-6877-4CF3-8542-472F2E949DE9}"
EndProject
Project("{FAE04EC0-301F-11D3-BF4B-00C04F79EFBC}") = "MyShop.DataAccess.SQL", "MyShop.DataAccess.SQL\MyShop.DataAccess.SQL.csproj", "{75692787-805E-4A08-B3D5-3842C44020EB}"
EndProject
Project("{FAE04EC0-301F-11D3-BF4B-00C04F79EFBC}") = "MyShop.DataAccess.InMemory", "MyShop.DataAccess.InMemory\MyShop.DataAccess.InMemory.csproj", "{77C4B92D-E1DF-41C4-A5D8-C9734FAACCE2}"
EndProject
Project("{FAE04EC0-301F-11D3-BF4B-00C04F79EFBC}") = "MyShop.WebUI", "MyShop.WebUI\MyShop.WebUI.csproj", "{1FF05503-A335-4505-9D6B-B5DCE5D70487}"
EndProject
Project("{FAE04EC0-301F-11D3-BF4B-00C04F79EFBC}") = "MyShop.WebUI.Tests", "MyShop.WebUI.Tests\MyShop.WebUI.Tests.csproj", "{2CAED070-F95C-4A3F-BAB7-48F44FA63C4C}"
EndProject
Global
	GlobalSection(SolutionConfigurationPlatforms) = preSolution
		Debug|Any CPU = Debug|Any CPU
		Release|Any CPU = Release|Any CPU
	EndGlobalSection
	GlobalSection(ProjectConfigurationPlatforms) = postSolution
		{9C8402D1-A89F-4365-8A0D-C6FE05C3B99A}.Debug|Any CPU.ActiveCfg = Debug|Any CPU
		{9C8402D1-A89F-4365-8A0D-C6FE05C3B99A}.Debug|Any CPU.Build.0 = Debug|Any CPU
		{9C8402D1-A89F-4365-8A0D-C6FE05C3B99A}.Release|Any CPU.ActiveCfg = Release|Any CPU
		{9C8402D1-A89F-4365-8A0D-C6FE05C3B99A}.Release|Any CPU.Build.0 = Release|Any CPU
		{88705B8D-6877-4CF3-8542-472F2E949DE9}.Debug|Any CPU.ActiveCfg = Debug|Any CPU
		{88705B8D-6877-4CF3-8542-472F2E949DE9}.Debug|Any CPU.Build.0 = Debug|Any CPU
		{88705B8D-6877-4CF3-8542-472F2E949DE9}.Release|Any CPU.ActiveCfg = Release|Any CPU
		{88705B8D-6877-4CF3-8542-472F2E949DE9}.Release|Any CPU.Build.0 = Release|Any CPU
		{75692787-805E-4A08-B3D5-3842C44020EB}.Debug|Any CPU.ActiveCfg = Debug|Any CPU
		{75692787-805E-4A08-B3D5-3842C44020EB}.Debug|Any CPU.Build.0 = Debug|Any CPU
		{75692787-805E-4A08-B3D5-3842C44020EB}.Release|Any CPU.ActiveCfg = Release|Any CPU
		{75692787-805E-4A08-B3D5-3842C44020EB}.Release|Any CPU.Build.0 = Release|Any CPU
		{77C4B92D-E1DF-41C4-A5D8-C9734FAACCE2}.Debug|Any CPU.ActiveCfg = Debug|Any CPU
		{77C4B92D-E1DF-41C4-A5D8-C9734FAACCE2}.Debug|Any CPU.Build.0 = Debug|Any CPU
		{77C4B92D-E1DF-41C4-A5D8-C9734FAACCE2}.Release|Any CPU.ActiveCfg = Release|Any CPU
		{77C4B92D-E1DF-41C4-A5D8-C9734FAACCE2}.Release|Any CPU.Build.0 = Release|Any CPU
		{1FF05503-A335-4505-9D6B-B5DCE5D70487}.Debug|Any CPU.ActiveCfg = Debug|Any CPU
		{1FF05503-A335-4505-9D6B-B5DCE5D70487}.Debug|Any CPU.Build.0 = Debug|Any CPU
		{1FF05503-A335-4505-9D6B-B5DCE5D70487}.Release|Any CPU.ActiveCfg = Release|Any CPU
		{1FF05503-A335-4505-9D6B-B5DCE5D70487}.Release|Any CPU.Build.0 = Release|Any CPU
		{2CAED070-F95C-4A3F-BAB7-48F44FA63C4C}.Debug|Any CPU.ActiveCfg = Debug|Any CPU
		{2CAED070-F95C-4A3F-BAB7-48F44FA63C4C}.Debug|Any CPU.Build.0 = Debug|Any CPU
		{2CAED070-F95C-4A3F-BAB7-48F44FA63C4C}.Release|Any CPU.ActiveCfg = Release|Any CPU
		{2CAED070-F95C-4A3F-BAB7-48F44FA63C4C}.Release|Any CPU.Build.0 = Release|Any CPU
	EndGlobalSection
	GlobalSection(SolutionProperties) = preSolution
		HideSolutionNode = FALSE
	EndGlobalSection
	GlobalSection(ExtensibilityGlobals) = postSolution
		SolutionGuid = {B9D4243C-8CC4-4E5E-A188-017589B41F2F}
	EndGlobalSection
EndGlobal
